// !$*UTF8*$!
{
	archiveVersion = 1;
	classes = {
	};
	objectVersion = 56;
	objects = {

/* Begin PBXBuildFile section */
		363A94F12A7132A600C6DF2F /* Movie.swift in Sources */ = {isa = PBXBuildFile; fileRef = 363A94F02A7132A600C6DF2F /* Movie.swift */; };
		363A94F32A73924C00C6DF2F /* Extension.swift in Sources */ = {isa = PBXBuildFile; fileRef = 363A94F22A73924C00C6DF2F /* Extension.swift */; };
		363A94F92A73ECDC00C6DF2F /* TitleCollectionViewCell.swift in Sources */ = {isa = PBXBuildFile; fileRef = 363A94F82A73ECDC00C6DF2F /* TitleCollectionViewCell.swift */; };
		363A94FC2A74340A00C6DF2F /* SDWebImage in Frameworks */ = {isa = PBXBuildFile; productRef = 363A94FB2A74340A00C6DF2F /* SDWebImage */; };
		363A94FE2A74340A00C6DF2F /* SDWebImageMapKit in Frameworks */ = {isa = PBXBuildFile; productRef = 363A94FD2A74340A00C6DF2F /* SDWebImageMapKit */; };
		368404C22A6A6FC7003B7D95 /* AppDelegate.swift in Sources */ = {isa = PBXBuildFile; fileRef = 368404C12A6A6FC7003B7D95 /* AppDelegate.swift */; };
		368404C42A6A6FC7003B7D95 /* SceneDelegate.swift in Sources */ = {isa = PBXBuildFile; fileRef = 368404C32A6A6FC7003B7D95 /* SceneDelegate.swift */; };
		368404C62A6A6FC7003B7D95 /* MainTabBarViewController.swift in Sources */ = {isa = PBXBuildFile; fileRef = 368404C52A6A6FC7003B7D95 /* MainTabBarViewController.swift */; };
		368404CC2A6A6FC7003B7D95 /* Netflix_Clone.xcdatamodeld in Sources */ = {isa = PBXBuildFile; fileRef = 368404CA2A6A6FC7003B7D95 /* Netflix_Clone.xcdatamodeld */; };
		368404CE2A6A6FC9003B7D95 /* Assets.xcassets in Resources */ = {isa = PBXBuildFile; fileRef = 368404CD2A6A6FC9003B7D95 /* Assets.xcassets */; };
		368404D12A6A6FC9003B7D95 /* LaunchScreen.storyboard in Resources */ = {isa = PBXBuildFile; fileRef = 368404CF2A6A6FC9003B7D95 /* LaunchScreen.storyboard */; };
		368404DA2A6AAED2003B7D95 /* HomeViewController.swift in Sources */ = {isa = PBXBuildFile; fileRef = 368404D92A6AAED2003B7D95 /* HomeViewController.swift */; };
		368404DC2A6AAF35003B7D95 /* UpComingViewController.swift in Sources */ = {isa = PBXBuildFile; fileRef = 368404DB2A6AAF35003B7D95 /* UpComingViewController.swift */; };
		368404DE2A6AAF9F003B7D95 /* SearchViewController.swift in Sources */ = {isa = PBXBuildFile; fileRef = 368404DD2A6AAF9F003B7D95 /* SearchViewController.swift */; };
		368404E02A6AAFD5003B7D95 /* DownloadViewController.swift in Sources */ = {isa = PBXBuildFile; fileRef = 368404DF2A6AAFD5003B7D95 /* DownloadViewController.swift */; };
		368404E72A6E7EC1003B7D95 /* CollectionViewTableViewCell.swift in Sources */ = {isa = PBXBuildFile; fileRef = 368404E62A6E7EC1003B7D95 /* CollectionViewTableViewCell.swift */; };
		368404E92A6E9167003B7D95 /* HeroHeaderUIView.swift in Sources */ = {isa = PBXBuildFile; fileRef = 368404E82A6E9167003B7D95 /* HeroHeaderUIView.swift */; };
		368406962A703083003B7D95 /* APICaller.swift in Sources */ = {isa = PBXBuildFile; fileRef = 368406952A703083003B7D95 /* APICaller.swift */; };
/* End PBXBuildFile section */

/* Begin PBXFileReference section */
		363A94F02A7132A600C6DF2F /* Movie.swift */ = {isa = PBXFileReference; lastKnownFileType = sourcecode.swift; path = Movie.swift; sourceTree = "<group>"; };
		363A94F22A73924C00C6DF2F /* Extension.swift */ = {isa = PBXFileReference; lastKnownFileType = sourcecode.swift; path = Extension.swift; sourceTree = "<group>"; };
		363A94F82A73ECDC00C6DF2F /* TitleCollectionViewCell.swift */ = {isa = PBXFileReference; lastKnownFileType = sourcecode.swift; path = TitleCollectionViewCell.swift; sourceTree = "<group>"; };
		368404BE2A6A6FC7003B7D95 /* Netflix Clone.app */ = {isa = PBXFileReference; explicitFileType = wrapper.application; includeInIndex = 0; path = "Netflix Clone.app"; sourceTree = BUILT_PRODUCTS_DIR; };
		368404C12A6A6FC7003B7D95 /* AppDelegate.swift */ = {isa = PBXFileReference; lastKnownFileType = sourcecode.swift; path = AppDelegate.swift; sourceTree = "<group>"; };
		368404C32A6A6FC7003B7D95 /* SceneDelegate.swift */ = {isa = PBXFileReference; lastKnownFileType = sourcecode.swift; path = SceneDelegate.swift; sourceTree = "<group>"; };
		368404C52A6A6FC7003B7D95 /* MainTabBarViewController.swift */ = {isa = PBXFileReference; lastKnownFileType = sourcecode.swift; path = MainTabBarViewController.swift; sourceTree = "<group>"; };
		368404CB2A6A6FC7003B7D95 /* Netflix_Clone.xcdatamodel */ = {isa = PBXFileReference; lastKnownFileType = wrapper.xcdatamodel; path = Netflix_Clone.xcdatamodel; sourceTree = "<group>"; };
		368404CD2A6A6FC9003B7D95 /* Assets.xcassets */ = {isa = PBXFileReference; lastKnownFileType = folder.assetcatalog; path = Assets.xcassets; sourceTree = "<group>"; };
		368404D02A6A6FC9003B7D95 /* Base */ = {isa = PBXFileReference; lastKnownFileType = file.storyboard; name = Base; path = Base.lproj/LaunchScreen.storyboard; sourceTree = "<group>"; };
		368404D22A6A6FC9003B7D95 /* Info.plist */ = {isa = PBXFileReference; lastKnownFileType = text.plist.xml; path = Info.plist; sourceTree = "<group>"; };
		368404D92A6AAED2003B7D95 /* HomeViewController.swift */ = {isa = PBXFileReference; lastKnownFileType = sourcecode.swift; path = HomeViewController.swift; sourceTree = "<group>"; };
		368404DB2A6AAF35003B7D95 /* UpComingViewController.swift */ = {isa = PBXFileReference; lastKnownFileType = sourcecode.swift; path = UpComingViewController.swift; sourceTree = "<group>"; };
		368404DD2A6AAF9F003B7D95 /* SearchViewController.swift */ = {isa = PBXFileReference; lastKnownFileType = sourcecode.swift; path = SearchViewController.swift; sourceTree = "<group>"; };
		368404DF2A6AAFD5003B7D95 /* DownloadViewController.swift */ = {isa = PBXFileReference; lastKnownFileType = sourcecode.swift; path = DownloadViewController.swift; sourceTree = "<group>"; };
		368404E62A6E7EC1003B7D95 /* CollectionViewTableViewCell.swift */ = {isa = PBXFileReference; lastKnownFileType = sourcecode.swift; path = CollectionViewTableViewCell.swift; sourceTree = "<group>"; };
		368404E82A6E9167003B7D95 /* HeroHeaderUIView.swift */ = {isa = PBXFileReference; lastKnownFileType = sourcecode.swift; path = HeroHeaderUIView.swift; sourceTree = "<group>"; };
		368406952A703083003B7D95 /* APICaller.swift */ = {isa = PBXFileReference; lastKnownFileType = sourcecode.swift; path = APICaller.swift; sourceTree = "<group>"; };
/* End PBXFileReference section */

/* Begin PBXFrameworksBuildPhase section */
		368404BB2A6A6FC7003B7D95 /* Frameworks */ = {
			isa = PBXFrameworksBuildPhase;
			buildActionMask = 2147483647;
			files = (
				363A94FE2A74340A00C6DF2F /* SDWebImageMapKit in Frameworks */,
				363A94FC2A74340A00C6DF2F /* SDWebImage in Frameworks */,
			);
			runOnlyForDeploymentPostprocessing = 0;
		};
/* End PBXFrameworksBuildPhase section */

/* Begin PBXGroup section */
		368404B52A6A6FC7003B7D95 = {
			isa = PBXGroup;
			children = (
				368404C02A6A6FC7003B7D95 /* Netflix Clone */,
				368404BF2A6A6FC7003B7D95 /* Products */,
			);
			sourceTree = "<group>";
		};
		368404BF2A6A6FC7003B7D95 /* Products */ = {
			isa = PBXGroup;
			children = (
				368404BE2A6A6FC7003B7D95 /* Netflix Clone.app */,
			);
			name = Products;
			sourceTree = "<group>";
		};
		368404C02A6A6FC7003B7D95 /* Netflix Clone */ = {
			isa = PBXGroup;
			children = (
				368404E52A6E7E42003B7D95 /* Managers */,
				368404E42A6E7E37003B7D95 /* Resourses */,
				368404E32A6E7DF8003B7D95 /* Models */,
				368404E12A6E7DCE003B7D95 /* Views */,
				368404E22A6E7DE9003B7D95 /* ViewModels */,
				368404D82A6AAEA5003B7D95 /* Controller */,
				368404C12A6A6FC7003B7D95 /* AppDelegate.swift */,
				368404C32A6A6FC7003B7D95 /* SceneDelegate.swift */,
				368404C52A6A6FC7003B7D95 /* MainTabBarViewController.swift */,
				368404CD2A6A6FC9003B7D95 /* Assets.xcassets */,
				368404CF2A6A6FC9003B7D95 /* LaunchScreen.storyboard */,
				368404D22A6A6FC9003B7D95 /* Info.plist */,
				368404CA2A6A6FC7003B7D95 /* Netflix_Clone.xcdatamodeld */,
			);
			path = "Netflix Clone";
			sourceTree = "<group>";
		};
		368404D82A6AAEA5003B7D95 /* Controller */ = {
			isa = PBXGroup;
			children = (
				368404D92A6AAED2003B7D95 /* HomeViewController.swift */,
				368404DB2A6AAF35003B7D95 /* UpComingViewController.swift */,
				368404DD2A6AAF9F003B7D95 /* SearchViewController.swift */,
				368404DF2A6AAFD5003B7D95 /* DownloadViewController.swift */,
			);
			path = Controller;
			sourceTree = "<group>";
		};
		368404E12A6E7DCE003B7D95 /* Views */ = {
			isa = PBXGroup;
			children = (
				368404E62A6E7EC1003B7D95 /* CollectionViewTableViewCell.swift */,
				368404E82A6E9167003B7D95 /* HeroHeaderUIView.swift */,
				363A94F82A73ECDC00C6DF2F /* TitleCollectionViewCell.swift */,
			);
			path = Views;
			sourceTree = "<group>";
		};
		368404E22A6E7DE9003B7D95 /* ViewModels */ = {
			isa = PBXGroup;
			children = (
			);
			path = ViewModels;
			sourceTree = "<group>";
		};
		368404E32A6E7DF8003B7D95 /* Models */ = {
			isa = PBXGroup;
			children = (
				363A94F02A7132A600C6DF2F /* Movie.swift */,
			);
			path = Models;
			sourceTree = "<group>";
		};
		368404E42A6E7E37003B7D95 /* Resourses */ = {
			isa = PBXGroup;
			children = (
				363A94F22A73924C00C6DF2F /* Extension.swift */,
			);
			path = Resourses;
			sourceTree = "<group>";
		};
		368404E52A6E7E42003B7D95 /* Managers */ = {
			isa = PBXGroup;
			children = (
				368406952A703083003B7D95 /* APICaller.swift */,
			);
			path = Managers;
			sourceTree = "<group>";
		};
/* End PBXGroup section */

/* Begin PBXNativeTarget section */
		368404BD2A6A6FC7003B7D95 /* Netflix Clone */ = {
			isa = PBXNativeTarget;
			buildConfigurationList = 368404D52A6A6FC9003B7D95 /* Build configuration list for PBXNativeTarget "Netflix Clone" */;
			buildPhases = (
				368404BA2A6A6FC7003B7D95 /* Sources */,
				368404BB2A6A6FC7003B7D95 /* Frameworks */,
				368404BC2A6A6FC7003B7D95 /* Resources */,
			);
			buildRules = (
			);
			dependencies = (
			);
			name = "Netflix Clone";
			packageProductDependencies = (
				363A94FB2A74340A00C6DF2F /* SDWebImage */,
				363A94FD2A74340A00C6DF2F /* SDWebImageMapKit */,
			);
			productName = "Netflix Clone";
			productReference = 368404BE2A6A6FC7003B7D95 /* Netflix Clone.app */;
			productType = "com.apple.product-type.application";
		};
/* End PBXNativeTarget section */

/* Begin PBXProject section */
		368404B62A6A6FC7003B7D95 /* Project object */ = {
			isa = PBXProject;
			attributes = {
				BuildIndependentTargetsInParallel = 1;
				LastSwiftUpdateCheck = 1430;
				LastUpgradeCheck = 1430;
				TargetAttributes = {
					368404BD2A6A6FC7003B7D95 = {
						CreatedOnToolsVersion = 14.3.1;
					};
				};
			};
			buildConfigurationList = 368404B92A6A6FC7003B7D95 /* Build configuration list for PBXProject "Netflix Clone" */;
			compatibilityVersion = "Xcode 14.0";
			developmentRegion = en;
			hasScannedForEncodings = 0;
			knownRegions = (
				en,
				Base,
			);
			mainGroup = 368404B52A6A6FC7003B7D95;
			packageReferences = (
				363A94FA2A74340A00C6DF2F /* XCRemoteSwiftPackageReference "SDWebImage" */,
			);
			productRefGroup = 368404BF2A6A6FC7003B7D95 /* Products */;
			projectDirPath = "";
			projectRoot = "";
			targets = (
				368404BD2A6A6FC7003B7D95 /* Netflix Clone */,
			);
		};
/* End PBXProject section */

/* Begin PBXResourcesBuildPhase section */
		368404BC2A6A6FC7003B7D95 /* Resources */ = {
			isa = PBXResourcesBuildPhase;
			buildActionMask = 2147483647;
			files = (
				368404D12A6A6FC9003B7D95 /* LaunchScreen.storyboard in Resources */,
				368404CE2A6A6FC9003B7D95 /* Assets.xcassets in Resources */,
			);
			runOnlyForDeploymentPostprocessing = 0;
		};
/* End PBXResourcesBuildPhase section */

/* Begin PBXSourcesBuildPhase section */
		368404BA2A6A6FC7003B7D95 /* Sources */ = {
			isa = PBXSourcesBuildPhase;
			buildActionMask = 2147483647;
			files = (
				368404DA2A6AAED2003B7D95 /* HomeViewController.swift in Sources */,
				368404E92A6E9167003B7D95 /* HeroHeaderUIView.swift in Sources */,
				363A94F12A7132A600C6DF2F /* Movie.swift in Sources */,
				368404DE2A6AAF9F003B7D95 /* SearchViewController.swift in Sources */,
				368404CC2A6A6FC7003B7D95 /* Netflix_Clone.xcdatamodeld in Sources */,
				368404C62A6A6FC7003B7D95 /* MainTabBarViewController.swift in Sources */,
				368404C22A6A6FC7003B7D95 /* AppDelegate.swift in Sources */,
				368404E72A6E7EC1003B7D95 /* CollectionViewTableViewCell.swift in Sources */,
				368404DC2A6AAF35003B7D95 /* UpComingViewController.swift in Sources */,
				363A94F32A73924C00C6DF2F /* Extension.swift in Sources */,
				368406962A703083003B7D95 /* APICaller.swift in Sources */,
				363A94F92A73ECDC00C6DF2F /* TitleCollectionViewCell.swift in Sources */,
				368404E02A6AAFD5003B7D95 /* DownloadViewController.swift in Sources */,
				368404C42A6A6FC7003B7D95 /* SceneDelegate.swift in Sources */,
			);
			runOnlyForDeploymentPostprocessing = 0;
		};
/* End PBXSourcesBuildPhase section */

/* Begin PBXVariantGroup section */
		368404CF2A6A6FC9003B7D95 /* LaunchScreen.storyboard */ = {
			isa = PBXVariantGroup;
			children = (
				368404D02A6A6FC9003B7D95 /* Base */,
			);
			name = LaunchScreen.storyboard;
			sourceTree = "<group>";
		};
/* End PBXVariantGroup section */

/* Begin XCBuildConfiguration section */
		368404D32A6A6FC9003B7D95 /* Debug */ = {
			isa = XCBuildConfiguration;
			buildSettings = {
				ALWAYS_SEARCH_USER_PATHS = NO;
				CLANG_ANALYZER_NONNULL = YES;
				CLANG_ANALYZER_NUMBER_OBJECT_CONVERSION = YES_AGGRESSIVE;
				CLANG_CXX_LANGUAGE_STANDARD = "gnu++20";
				CLANG_ENABLE_MODULES = YES;
				CLANG_ENABLE_OBJC_ARC = YES;
				CLANG_ENABLE_OBJC_WEAK = YES;
				CLANG_WARN_BLOCK_CAPTURE_AUTORELEASING = YES;
				CLANG_WARN_BOOL_CONVERSION = YES;
				CLANG_WARN_COMMA = YES;
				CLANG_WARN_CONSTANT_CONVERSION = YES;
				CLANG_WARN_DEPRECATED_OBJC_IMPLEMENTATIONS = YES;
				CLANG_WARN_DIRECT_OBJC_ISA_USAGE = YES_ERROR;
				CLANG_WARN_DOCUMENTATION_COMMENTS = YES;
				CLANG_WARN_EMPTY_BODY = YES;
				CLANG_WARN_ENUM_CONVERSION = YES;
				CLANG_WARN_INFINITE_RECURSION = YES;
				CLANG_WARN_INT_CONVERSION = YES;
				CLANG_WARN_NON_LITERAL_NULL_CONVERSION = YES;
				CLANG_WARN_OBJC_IMPLICIT_RETAIN_SELF = YES;
				CLANG_WARN_OBJC_LITERAL_CONVERSION = YES;
				CLANG_WARN_OBJC_ROOT_CLASS = YES_ERROR;
				CLANG_WARN_QUOTED_INCLUDE_IN_FRAMEWORK_HEADER = YES;
				CLANG_WARN_RANGE_LOOP_ANALYSIS = YES;
				CLANG_WARN_STRICT_PROTOTYPES = YES;
				CLANG_WARN_SUSPICIOUS_MOVE = YES;
				CLANG_WARN_UNGUARDED_AVAILABILITY = YES_AGGRESSIVE;
				CLANG_WARN_UNREACHABLE_CODE = YES;
				CLANG_WARN__DUPLICATE_METHOD_MATCH = YES;
				COPY_PHASE_STRIP = NO;
				DEBUG_INFORMATION_FORMAT = dwarf;
				ENABLE_STRICT_OBJC_MSGSEND = YES;
				ENABLE_TESTABILITY = YES;
				GCC_C_LANGUAGE_STANDARD = gnu11;
				GCC_DYNAMIC_NO_PIC = NO;
				GCC_NO_COMMON_BLOCKS = YES;
				GCC_OPTIMIZATION_LEVEL = 0;
				GCC_PREPROCESSOR_DEFINITIONS = (
					"DEBUG=1",
					"$(inherited)",
				);
				GCC_WARN_64_TO_32_BIT_CONVERSION = YES;
				GCC_WARN_ABOUT_RETURN_TYPE = YES_ERROR;
				GCC_WARN_UNDECLARED_SELECTOR = YES;
				GCC_WARN_UNINITIALIZED_AUTOS = YES_AGGRESSIVE;
				GCC_WARN_UNUSED_FUNCTION = YES;
				GCC_WARN_UNUSED_VARIABLE = YES;
				IPHONEOS_DEPLOYMENT_TARGET = 16.4;
				MTL_ENABLE_DEBUG_INFO = INCLUDE_SOURCE;
				MTL_FAST_MATH = YES;
				ONLY_ACTIVE_ARCH = YES;
				SDKROOT = iphoneos;
				SWIFT_ACTIVE_COMPILATION_CONDITIONS = DEBUG;
				SWIFT_OPTIMIZATION_LEVEL = "-Onone";
			};
			name = Debug;
		};
		368404D42A6A6FC9003B7D95 /* Release */ = {
			isa = XCBuildConfiguration;
			buildSettings = {
				ALWAYS_SEARCH_USER_PATHS = NO;
				CLANG_ANALYZER_NONNULL = YES;
				CLANG_ANALYZER_NUMBER_OBJECT_CONVERSION = YES_AGGRESSIVE;
				CLANG_CXX_LANGUAGE_STANDARD = "gnu++20";
				CLANG_ENABLE_MODULES = YES;
				CLANG_ENABLE_OBJC_ARC = YES;
				CLANG_ENABLE_OBJC_WEAK = YES;
				CLANG_WARN_BLOCK_CAPTURE_AUTORELEASING = YES;
				CLANG_WARN_BOOL_CONVERSION = YES;
				CLANG_WARN_COMMA = YES;
				CLANG_WARN_CONSTANT_CONVERSION = YES;
				CLANG_WARN_DEPRECATED_OBJC_IMPLEMENTATIONS = YES;
				CLANG_WARN_DIRECT_OBJC_ISA_USAGE = YES_ERROR;
				CLANG_WARN_DOCUMENTATION_COMMENTS = YES;
				CLANG_WARN_EMPTY_BODY = YES;
				CLANG_WARN_ENUM_CONVERSION = YES;
				CLANG_WARN_INFINITE_RECURSION = YES;
				CLANG_WARN_INT_CONVERSION = YES;
				CLANG_WARN_NON_LITERAL_NULL_CONVERSION = YES;
				CLANG_WARN_OBJC_IMPLICIT_RETAIN_SELF = YES;
				CLANG_WARN_OBJC_LITERAL_CONVERSION = YES;
				CLANG_WARN_OBJC_ROOT_CLASS = YES_ERROR;
				CLANG_WARN_QUOTED_INCLUDE_IN_FRAMEWORK_HEADER = YES;
				CLANG_WARN_RANGE_LOOP_ANALYSIS = YES;
				CLANG_WARN_STRICT_PROTOTYPES = YES;
				CLANG_WARN_SUSPICIOUS_MOVE = YES;
				CLANG_WARN_UNGUARDED_AVAILABILITY = YES_AGGRESSIVE;
				CLANG_WARN_UNREACHABLE_CODE = YES;
				CLANG_WARN__DUPLICATE_METHOD_MATCH = YES;
				COPY_PHASE_STRIP = NO;
				DEBUG_INFORMATION_FORMAT = "dwarf-with-dsym";
				ENABLE_NS_ASSERTIONS = NO;
				ENABLE_STRICT_OBJC_MSGSEND = YES;
				GCC_C_LANGUAGE_STANDARD = gnu11;
				GCC_NO_COMMON_BLOCKS = YES;
				GCC_WARN_64_TO_32_BIT_CONVERSION = YES;
				GCC_WARN_ABOUT_RETURN_TYPE = YES_ERROR;
				GCC_WARN_UNDECLARED_SELECTOR = YES;
				GCC_WARN_UNINITIALIZED_AUTOS = YES_AGGRESSIVE;
				GCC_WARN_UNUSED_FUNCTION = YES;
				GCC_WARN_UNUSED_VARIABLE = YES;
				IPHONEOS_DEPLOYMENT_TARGET = 16.4;
				MTL_ENABLE_DEBUG_INFO = NO;
				MTL_FAST_MATH = YES;
				SDKROOT = iphoneos;
				SWIFT_COMPILATION_MODE = wholemodule;
				SWIFT_OPTIMIZATION_LEVEL = "-O";
				VALIDATE_PRODUCT = YES;
			};
			name = Release;
		};
		368404D62A6A6FC9003B7D95 /* Debug */ = {
			isa = XCBuildConfiguration;
			buildSettings = {
				ASSETCATALOG_COMPILER_APPICON_NAME = AppIcon;
				ASSETCATALOG_COMPILER_GLOBAL_ACCENT_COLOR_NAME = AccentColor;
				CODE_SIGN_STYLE = Automatic;
				CURRENT_PROJECT_VERSION = 1;
				GENERATE_INFOPLIST_FILE = YES;
				INFOPLIST_FILE = "Netflix Clone/Info.plist";
				INFOPLIST_KEY_UIApplicationSupportsIndirectInputEvents = YES;
				INFOPLIST_KEY_UILaunchStoryboardName = LaunchScreen;
				INFOPLIST_KEY_UISupportedInterfaceOrientations_iPad = "UIInterfaceOrientationPortrait UIInterfaceOrientationPortraitUpsideDown UIInterfaceOrientationLandscapeLeft UIInterfaceOrientationLandscapeRight";
				INFOPLIST_KEY_UISupportedInterfaceOrientations_iPhone = "UIInterfaceOrientationPortrait UIInterfaceOrientationLandscapeLeft UIInterfaceOrientationLandscapeRight";
				LD_RUNPATH_SEARCH_PATHS = (
					"$(inherited)",
					"@executable_path/Frameworks",
				);
				MARKETING_VERSION = 1.0;
				PRODUCT_BUNDLE_IDENTIFIER = "com.kuntulu.ankita.Netflix-Clone";
				PRODUCT_NAME = "$(TARGET_NAME)";
				SWIFT_EMIT_LOC_STRINGS = YES;
				SWIFT_VERSION = 5.0;
				TARGETED_DEVICE_FAMILY = "1,2";
			};
			name = Debug;
		};
		368404D72A6A6FC9003B7D95 /* Release */ = {
			isa = XCBuildConfiguration;
			buildSettings = {
				ASSETCATALOG_COMPILER_APPICON_NAME = AppIcon;
				ASSETCATALOG_COMPILER_GLOBAL_ACCENT_COLOR_NAME = AccentColor;
				CODE_SIGN_STYLE = Automatic;
				CURRENT_PROJECT_VERSION = 1;
				GENERATE_INFOPLIST_FILE = YES;
				INFOPLIST_FILE = "Netflix Clone/Info.plist";
				INFOPLIST_KEY_UIApplicationSupportsIndirectInputEvents = YES;
				INFOPLIST_KEY_UILaunchStoryboardName = LaunchScreen;
				INFOPLIST_KEY_UISupportedInterfaceOrientations_iPad = "UIInterfaceOrientationPortrait UIInterfaceOrientationPortraitUpsideDown UIInterfaceOrientationLandscapeLeft UIInterfaceOrientationLandscapeRight";
				INFOPLIST_KEY_UISupportedInterfaceOrientations_iPhone = "UIInterfaceOrientationPortrait UIInterfaceOrientationLandscapeLeft UIInterfaceOrientationLandscapeRight";
				LD_RUNPATH_SEARCH_PATHS = (
					"$(inherited)",
					"@executable_path/Frameworks",
				);
				MARKETING_VERSION = 1.0;
				PRODUCT_BUNDLE_IDENTIFIER = "com.kuntulu.ankita.Netflix-Clone";
				PRODUCT_NAME = "$(TARGET_NAME)";
				SWIFT_EMIT_LOC_STRINGS = YES;
				SWIFT_VERSION = 5.0;
				TARGETED_DEVICE_FAMILY = "1,2";
			};
			name = Release;
		};
/* End XCBuildConfiguration section */

/* Begin XCConfigurationList section */
		368404B92A6A6FC7003B7D95 /* Build configuration list for PBXProject "Netflix Clone" */ = {
			isa = XCConfigurationList;
			buildConfigurations = (
				368404D32A6A6FC9003B7D95 /* Debug */,
				368404D42A6A6FC9003B7D95 /* Release */,
			);
			defaultConfigurationIsVisible = 0;
			defaultConfigurationName = Release;
		};
		368404D52A6A6FC9003B7D95 /* Build configuration list for PBXNativeTarget "Netflix Clone" */ = {
			isa = XCConfigurationList;
			buildConfigurations = (
				368404D62A6A6FC9003B7D95 /* Debug */,
				368404D72A6A6FC9003B7D95 /* Release */,
			);
			defaultConfigurationIsVisible = 0;
			defaultConfigurationName = Release;
		};
/* End XCConfigurationList section */

/* Begin XCRemoteSwiftPackageReference section */
		363A94FA2A74340A00C6DF2F /* XCRemoteSwiftPackageReference "SDWebImage" */ = {
			isa = XCRemoteSwiftPackageReference;
			repositoryURL = "https://github.com/SDWebImage/SDWebImage.git";
			requirement = {
				kind = upToNextMajorVersion;
				minimumVersion = 5.0.0;
			};
		};
/* End XCRemoteSwiftPackageReference section */

/* Begin XCSwiftPackageProductDependency section */
		363A94FB2A74340A00C6DF2F /* SDWebImage */ = {
			isa = XCSwiftPackageProductDependency;
			package = 363A94FA2A74340A00C6DF2F /* XCRemoteSwiftPackageReference "SDWebImage" */;
			productName = SDWebImage;
		};
		363A94FD2A74340A00C6DF2F /* SDWebImageMapKit */ = {
			isa = XCSwiftPackageProductDependency;
			package = 363A94FA2A74340A00C6DF2F /* XCRemoteSwiftPackageReference "SDWebImage" */;
			productName = SDWebImageMapKit;
		};
/* End XCSwiftPackageProductDependency section */

/* Begin XCVersionGroup section */
		368404CA2A6A6FC7003B7D95 /* Netflix_Clone.xcdatamodeld */ = {
			isa = XCVersionGroup;
			children = (
				368404CB2A6A6FC7003B7D95 /* Netflix_Clone.xcdatamodel */,
			);
			currentVersion = 368404CB2A6A6FC7003B7D95 /* Netflix_Clone.xcdatamodel */;
			path = Netflix_Clone.xcdatamodeld;
			sourceTree = "<group>";
			versionGroupType = wrapper.xcdatamodel;
		};
/* End XCVersionGroup section */
	};
	rootObject = 368404B62A6A6FC7003B7D95 /* Project object */;
}
